<?xml version="1.0" encoding="utf-8"?>
<Project ToolsVersion="17.0" xmlns="http://schemas.microsoft.com/developer/msbuild/2003">
  <ItemGroup>
    <CustomBuild Include="D:\Vaishnavi\Master Thesis\Main Project\C++code\uRoboForm\xtensor-master\xtensor-master\CMakeFiles\f0101c4c8d7e1b59a68c1b4dfbb3eeee\generate.stamp.rule">
      <Filter>CMake Rules</Filter>
    </CustomBuild>
  </ItemGroup>
  <ItemGroup>
    <Filter Include="CMake Rules">
      <UniqueIdentifier>{1C81CB65-EE87-3563-85B1-847BF7D84309}</UniqueIdentifier>
    </Filter>
  </ItemGroup>
</Project>
