<?xml version="1.0" encoding="utf-8"?>
<Project ToolsVersion="17.0" xmlns="http://schemas.microsoft.com/developer/msbuild/2003">
  <ItemGroup>
    <CustomBuild Include="D:\Vaishnavi\Master Thesis\Main Project\C++code\uRoboForm\xtl-master\xtl-master\CMakeFiles\f57d1710bdd88b551a5a3c9de95193a4\INSTALL_force.rule">
      <Filter>CMake Rules</Filter>
    </CustomBuild>
  </ItemGroup>
  <ItemGroup>
    <Filter Include="CMake Rules">
      <UniqueIdentifier>{D9035D14-76B8-3886-BF92-CAB4487BC1FF}</UniqueIdentifier>
    </Filter>
  </ItemGroup>
</Project>
