
Microsoft Visual Studio Solution File, Format Version 12.00
# Visual Studio Version 17
Project("{8BC9CEB8-8B4A-11D0-8D11-00A0C91BC942}") = "ALL_BUILD", "ALL_BUILD.vcxproj", "{2175CBCA-48C0-322A-B8BD-A0B6E5B1B67A}"
	ProjectSection(ProjectDependencies) = postProject
		{0884AF10-4DDC-37DF-B254-000F4DA9C2B3} = {0884AF10-4DDC-37DF-B254-000F4DA9C2B3}
	EndProjectSection
EndProject
Project("{8BC9CEB8-8B4A-11D0-8D11-00A0C91BC942}") = "INSTALL", "INSTALL.vcxproj", "{6AEEBF4F-4EAD-397A-B924-BB108637567A}"
	ProjectSection(ProjectDependencies) = postProject
		{2175CBCA-48C0-322A-B8BD-A0B6E5B1B67A} = {2175CBCA-48C0-322A-B8BD-A0B6E5B1B67A}
		{0884AF10-4DDC-37DF-B254-000F4DA9C2B3} = {0884AF10-4DDC-37DF-B254-000F4DA9C2B3}
	EndProjectSection
EndProject
Project("{8BC9CEB8-8B4A-11D0-8D11-00A0C91BC942}") = "ZERO_CHECK", "ZERO_CHECK.vcxproj", "{0884AF10-4DDC-37DF-B254-000F4DA9C2B3}"
	ProjectSection(ProjectDependencies) = postProject
	EndProjectSection
EndProject
Global
	GlobalSection(SolutionConfigurationPlatforms) = preSolution
		Debug|x64 = Debug|x64
		Release|x64 = Release|x64
		MinSizeRel|x64 = MinSizeRel|x64
		RelWithDebInfo|x64 = RelWithDebInfo|x64
	EndGlobalSection
	GlobalSection(ProjectConfigurationPlatforms) = postSolution
		{2175CBCA-48C0-322A-B8BD-A0B6E5B1B67A}.Debug|x64.ActiveCfg = Debug|x64
		{2175CBCA-48C0-322A-B8BD-A0B6E5B1B67A}.Debug|x64.Build.0 = Debug|x64
		{2175CBCA-48C0-322A-B8BD-A0B6E5B1B67A}.Release|x64.ActiveCfg = Release|x64
		{2175CBCA-48C0-322A-B8BD-A0B6E5B1B67A}.Release|x64.Build.0 = Release|x64
		{2175CBCA-48C0-322A-B8BD-A0B6E5B1B67A}.MinSizeRel|x64.ActiveCfg = MinSizeRel|x64
		{2175CBCA-48C0-322A-B8BD-A0B6E5B1B67A}.MinSizeRel|x64.Build.0 = MinSizeRel|x64
		{2175CBCA-48C0-322A-B8BD-A0B6E5B1B67A}.RelWithDebInfo|x64.ActiveCfg = RelWithDebInfo|x64
		{2175CBCA-48C0-322A-B8BD-A0B6E5B1B67A}.RelWithDebInfo|x64.Build.0 = RelWithDebInfo|x64
		{6AEEBF4F-4EAD-397A-B924-BB108637567A}.Debug|x64.ActiveCfg = Debug|x64
		{6AEEBF4F-4EAD-397A-B924-BB108637567A}.Release|x64.ActiveCfg = Release|x64
		{6AEEBF4F-4EAD-397A-B924-BB108637567A}.MinSizeRel|x64.ActiveCfg = MinSizeRel|x64
		{6AEEBF4F-4EAD-397A-B924-BB108637567A}.RelWithDebInfo|x64.ActiveCfg = RelWithDebInfo|x64
		{0884AF10-4DDC-37DF-B254-000F4DA9C2B3}.Debug|x64.ActiveCfg = Debug|x64
		{0884AF10-4DDC-37DF-B254-000F4DA9C2B3}.Debug|x64.Build.0 = Debug|x64
		{0884AF10-4DDC-37DF-B254-000F4DA9C2B3}.Release|x64.ActiveCfg = Release|x64
		{0884AF10-4DDC-37DF-B254-000F4DA9C2B3}.Release|x64.Build.0 = Release|x64
		{0884AF10-4DDC-37DF-B254-000F4DA9C2B3}.MinSizeRel|x64.ActiveCfg = MinSizeRel|x64
		{0884AF10-4DDC-37DF-B254-000F4DA9C2B3}.MinSizeRel|x64.Build.0 = MinSizeRel|x64
		{0884AF10-4DDC-37DF-B254-000F4DA9C2B3}.RelWithDebInfo|x64.ActiveCfg = RelWithDebInfo|x64
		{0884AF10-4DDC-37DF-B254-000F4DA9C2B3}.RelWithDebInfo|x64.Build.0 = RelWithDebInfo|x64
	EndGlobalSection
	GlobalSection(ExtensibilityGlobals) = postSolution
		SolutionGuid = {F5E9D38D-7E67-382C-B676-FB06FC87C242}
	EndGlobalSection
	GlobalSection(ExtensibilityAddIns) = postSolution
	EndGlobalSection
EndGlobal
