<?xml version="1.0" encoding="utf-8"?>
<Project ToolsVersion="4.0" xmlns="http://schemas.microsoft.com/developer/msbuild/2003">
  <ItemGroup>
    <Filter Include="Source Files">
      <UniqueIdentifier>{4FC737F1-C7A5-4376-A066-2A32D752A2FF}</UniqueIdentifier>
      <Extensions>cpp;c;cc;cxx;c++;cppm;ixx;def;odl;idl;hpj;bat;asm;asmx</Extensions>
    </Filter>
    <Filter Include="Header Files">
      <UniqueIdentifier>{93995380-89BD-4b04-88EB-625FBE52EBFB}</UniqueIdentifier>
      <Extensions>h;hh;hpp;hxx;h++;hm;inl;inc;ipp;xsd</Extensions>
    </Filter>
    <Filter Include="Resource Files">
      <UniqueIdentifier>{67DA6AB6-F800-4c08-8B7A-83BB121AAD01}</UniqueIdentifier>
      <Extensions>rc;ico;cur;bmp;dlg;rc2;rct;bin;rgs;gif;jpg;jpeg;jpe;resx;tiff;tif;png;wav;mfcribbon-ms</Extensions>
    </Filter>
  </ItemGroup>
  <ItemGroup>
    <ClCompile Include="main_app.cpp">
      <Filter>Source Files</Filter>
    </ClCompile>
    <ClCompile Include="find_edges01.cpp">
      <Filter>Source Files</Filter>
    </ClCompile>
    <ClCompile Include="fftTest.cpp">
      <Filter>Source Files</Filter>
    </ClCompile>
    <ClCompile Include="extraFunc.cpp">
      <Filter>Source Files</Filter>
    </ClCompile>
    <ClCompile Include="find_edges02.cpp">
      <Filter>Source Files</Filter>
    </ClCompile>
    <ClCompile Include="bandfilter.cpp">
      <Filter>Source Files</Filter>
    </ClCompile>
    <ClCompile Include="decumulate.cpp">
      <Filter>Source Files</Filter>
    </ClCompile>
    <ClCompile Include="grid.cpp">
      <Filter>Source Files</Filter>
    </ClCompile>
    <ClCompile Include="ResultData.cpp">
      <Filter>Source Files</Filter>
    </ClCompile>
    <ClCompile Include="cnrData.cpp">
      <Filter>Source Files</Filter>
    </ClCompile>
    <ClCompile Include="grid_pos01.cpp">
      <Filter>Source Files</Filter>
    </ClCompile>
    <ClCompile Include="grid_pos02.cpp">
      <Filter>Source Files</Filter>
    </ClCompile>
    <ClCompile Include="grid_pos03.cpp">
      <Filter>Source Files</Filter>
    </ClCompile>
  </ItemGroup>
  <ItemGroup>
    <ClInclude Include="find_edges02.h">
      <Filter>Header Files</Filter>
    </ClInclude>
    <ClInclude Include="bandfilter.h">
      <Filter>Header Files</Filter>
    </ClInclude>
    <ClInclude Include="decumulate.h">
      <Filter>Header Files</Filter>
    </ClInclude>
    <ClInclude Include="grid.h">
      <Filter>Header Files</Filter>
    </ClInclude>
    <ClInclude Include="ResultData.h">
      <Filter>Header Files</Filter>
    </ClInclude>
    <ClInclude Include="cnrData.h">
      <Filter>Header Files</Filter>
    </ClInclude>
    <ClInclude Include="grid_pos01.h">
      <Filter>Header Files</Filter>
    </ClInclude>
    <ClInclude Include="grid_pos02.h">
      <Filter>Header Files</Filter>
    </ClInclude>
    <ClInclude Include="grid_pos03.h">
      <Filter>Header Files</Filter>
    </ClInclude>
    <ClInclude Include="find_edges01.h">
      <Filter>Header Files</Filter>
    </ClInclude>
    <ClInclude Include="main.h">
      <Filter>Header Files</Filter>
    </ClInclude>
  </ItemGroup>
</Project>